// !$*UTF8*$!
{
	archiveVersion = 1;
	classes = {
	};
	objectVersion = 46;
	objects = {

/* Begin PBXBuildFile section */
		9896E801143BE2E08ED8C3C0 /* libPods.a in Frameworks */ = {isa = PBXBuildFile; fileRef = 2EF559B90631ACD93F54F64B /* libPods.a */; };
		C03129F31CAA8AC900EC6051 /* main.m in Sources */ = {isa = PBXBuildFile; fileRef = C03129F21CAA8AC900EC6051 /* main.m */; };
		C03129F61CAA8AC900EC6051 /* AppDelegate.m in Sources */ = {isa = PBXBuildFile; fileRef = C03129F51CAA8AC900EC6051 /* AppDelegate.m */; };
		C03129F91CAA8AC900EC6051 /* ViewController.m in Sources */ = {isa = PBXBuildFile; fileRef = C03129F81CAA8AC900EC6051 /* ViewController.m */; };
		C03129FC1CAA8AC900EC6051 /* Main.storyboard in Resources */ = {isa = PBXBuildFile; fileRef = C03129FA1CAA8AC900EC6051 /* Main.storyboard */; };
		C03129FE1CAA8AC900EC6051 /* Assets.xcassets in Resources */ = {isa = PBXBuildFile; fileRef = C03129FD1CAA8AC900EC6051 /* Assets.xcassets */; };
		C0312A011CAA8AC900EC6051 /* LaunchScreen.storyboard in Resources */ = {isa = PBXBuildFile; fileRef = C03129FF1CAA8AC900EC6051 /* LaunchScreen.storyboard */; };
		C0312A0C1CAA8AC900EC6051 /* DianPingTests.m in Sources */ = {isa = PBXBuildFile; fileRef = C0312A0B1CAA8AC900EC6051 /* DianPingTests.m */; };
		C0312A171CAA8AC900EC6051 /* DianPingUITests.m in Sources */ = {isa = PBXBuildFile; fileRef = C0312A161CAA8AC900EC6051 /* DianPingUITests.m */; };
/* End PBXBuildFile section */

/* Begin PBXContainerItemProxy section */
		C0312A081CAA8AC900EC6051 /* PBXContainerItemProxy */ = {
			isa = PBXContainerItemProxy;
			containerPortal = C03129E61CAA8AC900EC6051 /* Project object */;
			proxyType = 1;
			remoteGlobalIDString = C03129ED1CAA8AC900EC6051;
			remoteInfo = DianPing;
		};
		C0312A131CAA8AC900EC6051 /* PBXContainerItemProxy */ = {
			isa = PBXContainerItemProxy;
			containerPortal = C03129E61CAA8AC900EC6051 /* Project object */;
			proxyType = 1;
			remoteGlobalIDString = C03129ED1CAA8AC900EC6051;
			remoteInfo = DianPing;
		};
/* End PBXContainerItemProxy section */

/* Begin PBXFileReference section */
		2EF559B90631ACD93F54F64B /* libPods.a */ = {isa = PBXFileReference; explicitFileType = archive.ar; includeInIndex = 0; path = libPods.a; sourceTree = BUILT_PRODUCTS_DIR; };
		A541EB8A7A064CD6686F2314 /* Pods.debug.xcconfig */ = {isa = PBXFileReference; includeInIndex = 1; lastKnownFileType = text.xcconfig; name = Pods.debug.xcconfig; path = "Pods/Target Support Files/Pods/Pods.debug.xcconfig"; sourceTree = "<group>"; };
		C03129EE1CAA8AC900EC6051 /* DianPing.app */ = {isa = PBXFileReference; explicitFileType = wrapper.application; includeInIndex = 0; path = DianPing.app; sourceTree = BUILT_PRODUCTS_DIR; };
		C03129F21CAA8AC900EC6051 /* main.m */ = {isa = PBXFileReference; lastKnownFileType = sourcecode.c.objc; path = main.m; sourceTree = "<group>"; };
		C03129F41CAA8AC900EC6051 /* AppDelegate.h */ = {isa = PBXFileReference; lastKnownFileType = sourcecode.c.h; path = AppDelegate.h; sourceTree = "<group>"; };
		C03129F51CAA8AC900EC6051 /* AppDelegate.m */ = {isa = PBXFileReference; lastKnownFileType = sourcecode.c.objc; path = AppDelegate.m; sourceTree = "<group>"; };
		C03129F71CAA8AC900EC6051 /* ViewController.h */ = {isa = PBXFileReference; lastKnownFileType = sourcecode.c.h; path = ViewController.h; sourceTree = "<group>"; };
		C03129F81CAA8AC900EC6051 /* ViewController.m */ = {isa = PBXFileReference; lastKnownFileType = sourcecode.c.objc; path = ViewController.m; sourceTree = "<group>"; };
		C03129FB1CAA8AC900EC6051 /* Base */ = {isa = PBXFileReference; lastKnownFileType = file.storyboard; name = Base; path = Base.lproj/Main.storyboard; sourceTree = "<group>"; };
		C03129FD1CAA8AC900EC6051 /* Assets.xcassets */ = {isa = PBXFileReference; lastKnownFileType = folder.assetcatalog; path = Assets.xcassets; sourceTree = "<group>"; };
		C0312A001CAA8AC900EC6051 /* Base */ = {isa = PBXFileReference; lastKnownFileType = file.storyboard; name = Base; path = Base.lproj/LaunchScreen.storyboard; sourceTree = "<group>"; };
		C0312A021CAA8AC900EC6051 /* Info.plist */ = {isa = PBXFileReference; lastKnownFileType = text.plist.xml; path = Info.plist; sourceTree = "<group>"; };
		C0312A071CAA8AC900EC6051 /* DianPingTests.xctest */ = {isa = PBXFileReference; explicitFileType = wrapper.cfbundle; includeInIndex = 0; path = DianPingTests.xctest; sourceTree = BUILT_PRODUCTS_DIR; };
		C0312A0B1CAA8AC900EC6051 /* DianPingTests.m */ = {isa = PBXFileReference; lastKnownFileType = sourcecode.c.objc; path = DianPingTests.m; sourceTree = "<group>"; };
		C0312A0D1CAA8AC900EC6051 /* Info.plist */ = {isa = PBXFileReference; lastKnownFileType = text.plist.xml; path = Info.plist; sourceTree = "<group>"; };
		C0312A121CAA8AC900EC6051 /* DianPingUITests.xctest */ = {isa = PBXFileReference; explicitFileType = wrapper.cfbundle; includeInIndex = 0; path = DianPingUITests.xctest; sourceTree = BUILT_PRODUCTS_DIR; };
		C0312A161CAA8AC900EC6051 /* DianPingUITests.m */ = {isa = PBXFileReference; lastKnownFileType = sourcecode.c.objc; path = DianPingUITests.m; sourceTree = "<group>"; };
		C0312A181CAA8AC900EC6051 /* Info.plist */ = {isa = PBXFileReference; lastKnownFileType = text.plist.xml; path = Info.plist; sourceTree = "<group>"; };
		D5116AB15A89627A44D1D327 /* Pods.release.xcconfig */ = {isa = PBXFileReference; includeInIndex = 1; lastKnownFileType = text.xcconfig; name = Pods.release.xcconfig; path = "Pods/Target Support Files/Pods/Pods.release.xcconfig"; sourceTree = "<group>"; };
/* End PBXFileReference section */

/* Begin PBXFrameworksBuildPhase section */
		C03129EB1CAA8AC900EC6051 /* Frameworks */ = {
			isa = PBXFrameworksBuildPhase;
			buildActionMask = 2147483647;
			files = (
				9896E801143BE2E08ED8C3C0 /* libPods.a in Frameworks */,
			);
			runOnlyForDeploymentPostprocessing = 0;
		};
		C0312A041CAA8AC900EC6051 /* Frameworks */ = {
			isa = PBXFrameworksBuildPhase;
			buildActionMask = 2147483647;
			files = (
			);
			runOnlyForDeploymentPostprocessing = 0;
		};
		C0312A0F1CAA8AC900EC6051 /* Frameworks */ = {
			isa = PBXFrameworksBuildPhase;
			buildActionMask = 2147483647;
			files = (
			);
			runOnlyForDeploymentPostprocessing = 0;
		};
/* End PBXFrameworksBuildPhase section */

/* Begin PBXGroup section */
		0180D93B4AFDEAFBC9D64712 /* Frameworks */ = {
			isa = PBXGroup;
			children = (
				2EF559B90631ACD93F54F64B /* libPods.a */,
			);
			name = Frameworks;
			sourceTree = "<group>";
		};
		C03129E51CAA8AC900EC6051 = {
			isa = PBXGroup;
			children = (
				C03129F01CAA8AC900EC6051 /* DianPing */,
				C0312A0A1CAA8AC900EC6051 /* DianPingTests */,
				C0312A151CAA8AC900EC6051 /* DianPingUITests */,
				C03129EF1CAA8AC900EC6051 /* Products */,
				E314177B69372BA353EE2539 /* Pods */,
				0180D93B4AFDEAFBC9D64712 /* Frameworks */,
			);
			sourceTree = "<group>";
		};
		C03129EF1CAA8AC900EC6051 /* Products */ = {
			isa = PBXGroup;
			children = (
				C03129EE1CAA8AC900EC6051 /* DianPing.app */,
				C0312A071CAA8AC900EC6051 /* DianPingTests.xctest */,
				C0312A121CAA8AC900EC6051 /* DianPingUITests.xctest */,
			);
			name = Products;
			sourceTree = "<group>";
		};
		C03129F01CAA8AC900EC6051 /* DianPing */ = {
			isa = PBXGroup;
			children = (
				C03129F41CAA8AC900EC6051 /* AppDelegate.h */,
				C03129F51CAA8AC900EC6051 /* AppDelegate.m */,
				C03129F71CAA8AC900EC6051 /* ViewController.h */,
				C03129F81CAA8AC900EC6051 /* ViewController.m */,
				C03129FA1CAA8AC900EC6051 /* Main.storyboard */,
				C03129FD1CAA8AC900EC6051 /* Assets.xcassets */,
				C03129FF1CAA8AC900EC6051 /* LaunchScreen.storyboard */,
				C0312A021CAA8AC900EC6051 /* Info.plist */,
				C03129F11CAA8AC900EC6051 /* Supporting Files */,
			);
			path = DianPing;
			sourceTree = "<group>";
		};
		C03129F11CAA8AC900EC6051 /* Supporting Files */ = {
			isa = PBXGroup;
			children = (
				C03129F21CAA8AC900EC6051 /* main.m */,
			);
			name = "Supporting Files";
			sourceTree = "<group>";
		};
		C0312A0A1CAA8AC900EC6051 /* DianPingTests */ = {
			isa = PBXGroup;
			children = (
				C0312A0B1CAA8AC900EC6051 /* DianPingTests.m */,
				C0312A0D1CAA8AC900EC6051 /* Info.plist */,
			);
			path = DianPingTests;
			sourceTree = "<group>";
		};
		C0312A151CAA8AC900EC6051 /* DianPingUITests */ = {
			isa = PBXGroup;
			children = (
				C0312A161CAA8AC900EC6051 /* DianPingUITests.m */,
				C0312A181CAA8AC900EC6051 /* Info.plist */,
			);
			path = DianPingUITests;
			sourceTree = "<group>";
		};
		E314177B69372BA353EE2539 /* Pods */ = {
			isa = PBXGroup;
			children = (
				A541EB8A7A064CD6686F2314 /* Pods.debug.xcconfig */,
				D5116AB15A89627A44D1D327 /* Pods.release.xcconfig */,
			);
			name = Pods;
			sourceTree = "<group>";
		};
/* End PBXGroup section */

/* Begin PBXNativeTarget section */
		C03129ED1CAA8AC900EC6051 /* DianPing */ = {
			isa = PBXNativeTarget;
			buildConfigurationList = C0312A1B1CAA8AC900EC6051 /* Build configuration list for PBXNativeTarget "DianPing" */;
			buildPhases = (
				A80877756FC6BAC9FDA84C75 /* Check Pods Manifest.lock */,
				C03129EA1CAA8AC900EC6051 /* Sources */,
				C03129EB1CAA8AC900EC6051 /* Frameworks */,
				C03129EC1CAA8AC900EC6051 /* Resources */,
				C34D0244917CAC0A120AF5CF /* Embed Pods Frameworks */,
				58169471F32F6B0090E7FF62 /* Copy Pods Resources */,
			);
			buildRules = (
			);
			dependencies = (
			);
			name = DianPing;
			productName = DianPing;
			productReference = C03129EE1CAA8AC900EC6051 /* DianPing.app */;
			productType = "com.apple.product-type.application";
		};
		C0312A061CAA8AC900EC6051 /* DianPingTests */ = {
			isa = PBXNativeTarget;
			buildConfigurationList = C0312A1E1CAA8AC900EC6051 /* Build configuration list for PBXNativeTarget "DianPingTests" */;
			buildPhases = (
				C0312A031CAA8AC900EC6051 /* Sources */,
				C0312A041CAA8AC900EC6051 /* Frameworks */,
				C0312A051CAA8AC900EC6051 /* Resources */,
			);
			buildRules = (
			);
			dependencies = (
				C0312A091CAA8AC900EC6051 /* PBXTargetDependency */,
			);
			name = DianPingTests;
			productName = DianPingTests;
			productReference = C0312A071CAA8AC900EC6051 /* DianPingTests.xctest */;
			productType = "com.apple.product-type.bundle.unit-test";
		};
		C0312A111CAA8AC900EC6051 /* DianPingUITests */ = {
			isa = PBXNativeTarget;
			buildConfigurationList = C0312A211CAA8AC900EC6051 /* Build configuration list for PBXNativeTarget "DianPingUITests" */;
			buildPhases = (
				C0312A0E1CAA8AC900EC6051 /* Sources */,
				C0312A0F1CAA8AC900EC6051 /* Frameworks */,
				C0312A101CAA8AC900EC6051 /* Resources */,
			);
			buildRules = (
			);
			dependencies = (
				C0312A141CAA8AC900EC6051 /* PBXTargetDependency */,
			);
			name = DianPingUITests;
			productName = DianPingUITests;
			productReference = C0312A121CAA8AC900EC6051 /* DianPingUITests.xctest */;
			productType = "com.apple.product-type.bundle.ui-testing";
		};
/* End PBXNativeTarget section */

/* Begin PBXProject section */
		C03129E61CAA8AC900EC6051 /* Project object */ = {
			isa = PBXProject;
			attributes = {
				LastUpgradeCheck = 0720;
				ORGANIZATIONNAME = einsphy;
				TargetAttributes = {
					C03129ED1CAA8AC900EC6051 = {
						CreatedOnToolsVersion = 7.2.1;
						DevelopmentTeam = E8M4JHTQ5D;
					};
					C0312A061CAA8AC900EC6051 = {
						CreatedOnToolsVersion = 7.2.1;
						DevelopmentTeam = E8M4JHTQ5D;
						TestTargetID = C03129ED1CAA8AC900EC6051;
					};
					C0312A111CAA8AC900EC6051 = {
						CreatedOnToolsVersion = 7.2.1;
						DevelopmentTeam = E8M4JHTQ5D;
						TestTargetID = C03129ED1CAA8AC900EC6051;
					};
				};
			};
			buildConfigurationList = C03129E91CAA8AC900EC6051 /* Build configuration list for PBXProject "DianPing" */;
			compatibilityVersion = "Xcode 3.2";
			developmentRegion = English;
			hasScannedForEncodings = 0;
			knownRegions = (
				en,
				Base,
			);
			mainGroup = C03129E51CAA8AC900EC6051;
			productRefGroup = C03129EF1CAA8AC900EC6051 /* Products */;
			projectDirPath = "";
			projectRoot = "";
			targets = (
				C03129ED1CAA8AC900EC6051 /* DianPing */,
				C0312A061CAA8AC900EC6051 /* DianPingTests */,
				C0312A111CAA8AC900EC6051 /* DianPingUITests */,
			);
		};
/* End PBXProject section */

/* Begin PBXResourcesBuildPhase section */
		C03129EC1CAA8AC900EC6051 /* Resources */ = {
			isa = PBXResourcesBuildPhase;
			buildActionMask = 2147483647;
			files = (
				C0312A011CAA8AC900EC6051 /* LaunchScreen.storyboard in Resources */,
				C03129FE1CAA8AC900EC6051 /* Assets.xcassets in Resources */,
				C03129FC1CAA8AC900EC6051 /* Main.storyboard in Resources */,
			);
			runOnlyForDeploymentPostprocessing = 0;
		};
		C0312A051CAA8AC900EC6051 /* Resources */ = {
			isa = PBXResourcesBuildPhase;
			buildActionMask = 2147483647;
			files = (
			);
			runOnlyForDeploymentPostprocessing = 0;
		};
		C0312A101CAA8AC900EC6051 /* Resources */ = {
			isa = PBXResourcesBuildPhase;
			buildActionMask = 2147483647;
			files = (
			);
			runOnlyForDeploymentPostprocessing = 0;
		};
/* End PBXResourcesBuildPhase section */

/* Begin PBXShellScriptBuildPhase section */
		58169471F32F6B0090E7FF62 /* Copy Pods Resources */ = {
			isa = PBXShellScriptBuildPhase;
			buildActionMask = 2147483647;
			files = (
			);
			inputPaths = (
			);
			name = "Copy Pods Resources";
			outputPaths = (
			);
			runOnlyForDeploymentPostprocessing = 0;
			shellPath = /bin/sh;
			shellScript = "\"${SRCROOT}/Pods/Target Support Files/Pods/Pods-resources.sh\"\n";
			showEnvVarsInLog = 0;
		};
		A80877756FC6BAC9FDA84C75 /* Check Pods Manifest.lock */ = {
			isa = PBXShellScriptBuildPhase;
			buildActionMask = 2147483647;
			files = (
			);
			inputPaths = (
			);
			name = "Check Pods Manifest.lock";
			outputPaths = (
			);
			runOnlyForDeploymentPostprocessing = 0;
			shellPath = /bin/sh;
			shellScript = "diff \"${PODS_ROOT}/../Podfile.lock\" \"${PODS_ROOT}/Manifest.lock\" > /dev/null\nif [[ $? != 0 ]] ; then\n    cat << EOM\nerror: The sandbox is not in sync with the Podfile.lock. Run 'pod install' or update your CocoaPods installation.\nEOM\n    exit 1\nfi\n";
			showEnvVarsInLog = 0;
		};
		C34D0244917CAC0A120AF5CF /* Embed Pods Frameworks */ = {
			isa = PBXShellScriptBuildPhase;
			buildActionMask = 2147483647;
			files = (
			);
			inputPaths = (
			);
			name = "Embed Pods Frameworks";
			outputPaths = (
			);
			runOnlyForDeploymentPostprocessing = 0;
			shellPath = /bin/sh;
			shellScript = "\"${SRCROOT}/Pods/Target Support Files/Pods/Pods-frameworks.sh\"\n";
			showEnvVarsInLog = 0;
		};
/* End PBXShellScriptBuildPhase section */

/* Begin PBXSourcesBuildPhase section */
		C03129EA1CAA8AC900EC6051 /* Sources */ = {
			isa = PBXSourcesBuildPhase;
			buildActionMask = 2147483647;
			files = (
				C03129F91CAA8AC900EC6051 /* ViewController.m in Sources */,
				C03129F61CAA8AC900EC6051 /* AppDelegate.m in Sources */,
				C03129F31CAA8AC900EC6051 /* main.m in Sources */,
			);
			runOnlyForDeploymentPostprocessing = 0;
		};
		C0312A031CAA8AC900EC6051 /* Sources */ = {
			isa = PBXSourcesBuildPhase;
			buildActionMask = 2147483647;
			files = (
				C0312A0C1CAA8AC900EC6051 /* DianPingTests.m in Sources */,
			);
			runOnlyForDeploymentPostprocessing = 0;
		};
		C0312A0E1CAA8AC900EC6051 /* Sources */ = {
			isa = PBXSourcesBuildPhase;
			buildActionMask = 2147483647;
			files = (
				C0312A171CAA8AC900EC6051 /* DianPingUITests.m in Sources */,
			);
			runOnlyForDeploymentPostprocessing = 0;
		};
/* End PBXSourcesBuildPhase section */

/* Begin PBXTargetDependency section */
		C0312A091CAA8AC900EC6051 /* PBXTargetDependency */ = {
			isa = PBXTargetDependency;
			target = C03129ED1CAA8AC900EC6051 /* DianPing */;
			targetProxy = C0312A081CAA8AC900EC6051 /* PBXContainerItemProxy */;
		};
		C0312A141CAA8AC900EC6051 /* PBXTargetDependency */ = {
			isa = PBXTargetDependency;
			target = C03129ED1CAA8AC900EC6051 /* DianPing */;
			targetProxy = C0312A131CAA8AC900EC6051 /* PBXContainerItemProxy */;
		};
/* End PBXTargetDependency section */

/* Begin PBXVariantGroup section */
		C03129FA1CAA8AC900EC6051 /* Main.storyboard */ = {
			isa = PBXVariantGroup;
			children = (
				C03129FB1CAA8AC900EC6051 /* Base */,
			);
			name = Main.storyboard;
			sourceTree = "<group>";
		};
		C03129FF1CAA8AC900EC6051 /* LaunchScreen.storyboard */ = {
			isa = PBXVariantGroup;
			children = (
				C0312A001CAA8AC900EC6051 /* Base */,
			);
			name = LaunchScreen.storyboard;
			sourceTree = "<group>";
		};
/* End PBXVariantGroup section */

/* Begin XCBuildConfiguration section */
		C0312A191CAA8AC900EC6051 /* Debug */ = {
			isa = XCBuildConfiguration;
			buildSettings = {
				ALWAYS_SEARCH_USER_PATHS = NO;
				CLANG_CXX_LANGUAGE_STANDARD = "gnu++0x";
				CLANG_CXX_LIBRARY = "libc++";
				CLANG_ENABLE_MODULES = YES;
				CLANG_ENABLE_OBJC_ARC = YES;
				CLANG_WARN_BOOL_CONVERSION = YES;
				CLANG_WARN_CONSTANT_CONVERSION = YES;
				CLANG_WARN_DIRECT_OBJC_ISA_USAGE = YES_ERROR;
				CLANG_WARN_EMPTY_BODY = YES;
				CLANG_WARN_ENUM_CONVERSION = YES;
				CLANG_WARN_INT_CONVERSION = YES;
				CLANG_WARN_OBJC_ROOT_CLASS = YES_ERROR;
				CLANG_WARN_UNREACHABLE_CODE = YES;
				CLANG_WARN__DUPLICATE_METHOD_MATCH = YES;
				"CODE_SIGN_IDENTITY[sdk=iphoneos*]" = "iPhone Developer";
				COPY_PHASE_STRIP = NO;
				DEBUG_INFORMATION_FORMAT = dwarf;
				ENABLE_STRICT_OBJC_MSGSEND = YES;
				ENABLE_TESTABILITY = YES;
				GCC_C_LANGUAGE_STANDARD = gnu99;
				GCC_DYNAMIC_NO_PIC = NO;
				GCC_NO_COMMON_BLOCKS = YES;
				GCC_OPTIMIZATION_LEVEL = 0;
				GCC_PREPROCESSOR_DEFINITIONS = (
					"DEBUG=1",
					"$(inherited)",
				);
				GCC_WARN_64_TO_32_BIT_CONVERSION = YES;
				GCC_WARN_ABOUT_RETURN_TYPE = YES_ERROR;
				GCC_WARN_UNDECLARED_SELECTOR = YES;
				GCC_WARN_UNINITIALIZED_AUTOS = YES_AGGRESSIVE;
				GCC_WARN_UNUSED_FUNCTION = YES;
				GCC_WARN_UNUSED_VARIABLE = YES;
				IPHONEOS_DEPLOYMENT_TARGET = 9.2;
				MTL_ENABLE_DEBUG_INFO = YES;
				ONLY_ACTIVE_ARCH = YES;
				SDKROOT = iphoneos;
			};
			name = Debug;
		};
		C0312A1A1CAA8AC900EC6051 /* Release */ = {
			isa = XCBuildConfiguration;
			buildSettings = {
				ALWAYS_SEARCH_USER_PATHS = NO;
				CLANG_CXX_LANGUAGE_STANDARD = "gnu++0x";
				CLANG_CXX_LIBRARY = "libc++";
				CLANG_ENABLE_MODULES = YES;
				CLANG_ENABLE_OBJC_ARC = YES;
				CLANG_WARN_BOOL_CONVERSION = YES;
				CLANG_WARN_CONSTANT_CONVERSION = YES;
				CLANG_WARN_DIRECT_OBJC_ISA_USAGE = YES_ERROR;
				CLANG_WARN_EMPTY_BODY = YES;
				CLANG_WARN_ENUM_CONVERSION = YES;
				CLANG_WARN_INT_CONVERSION = YES;
				CLANG_WARN_OBJC_ROOT_CLASS = YES_ERROR;
				CLANG_WARN_UNREACHABLE_CODE = YES;
				CLANG_WARN__DUPLICATE_METHOD_MATCH = YES;
				"CODE_SIGN_IDENTITY[sdk=iphoneos*]" = "iPhone Developer";
				COPY_PHASE_STRIP = NO;
				DEBUG_INFORMATION_FORMAT = "dwarf-with-dsym";
				ENABLE_NS_ASSERTIONS = NO;
				ENABLE_STRICT_OBJC_MSGSEND = YES;
				GCC_C_LANGUAGE_STANDARD = gnu99;
				GCC_NO_COMMON_BLOCKS = YES;
				GCC_WARN_64_TO_32_BIT_CONVERSION = YES;
				GCC_WARN_ABOUT_RETURN_TYPE = YES_ERROR;
				GCC_WARN_UNDECLARED_SELECTOR = YES;
				GCC_WARN_UNINITIALIZED_AUTOS = YES_AGGRESSIVE;
				GCC_WARN_UNUSED_FUNCTION = YES;
				GCC_WARN_UNUSED_VARIABLE = YES;
				IPHONEOS_DEPLOYMENT_TARGET = 9.2;
				MTL_ENABLE_DEBUG_INFO = NO;
				SDKROOT = iphoneos;
				VALIDATE_PRODUCT = YES;
			};
			name = Release;
		};
		C0312A1C1CAA8AC900EC6051 /* Debug */ = {
			isa = XCBuildConfiguration;
			baseConfigurationReference = A541EB8A7A064CD6686F2314 /* Pods.debug.xcconfig */;
			buildSettings = {
				ASSETCATALOG_COMPILER_APPICON_NAME = AppIcon;
				INFOPLIST_FILE = DianPing/Info.plist;
				LD_RUNPATH_SEARCH_PATHS = "$(inherited) @executable_path/Frameworks";
				PRODUCT_BUNDLE_IDENTIFIER = DP.DianPing;
				PRODUCT_NAME = "$(TARGET_NAME)";
			};
			name = Debug;
		};
		C0312A1D1CAA8AC900EC6051 /* Release */ = {
			isa = XCBuildConfiguration;
			baseConfigurationReference = D5116AB15A89627A44D1D327 /* Pods.release.xcconfig */;
			buildSettings = {
				ASSETCATALOG_COMPILER_APPICON_NAME = AppIcon;
				INFOPLIST_FILE = DianPing/Info.plist;
				LD_RUNPATH_SEARCH_PATHS = "$(inherited) @executable_path/Frameworks";
				PRODUCT_BUNDLE_IDENTIFIER = DP.DianPing;
				PRODUCT_NAME = "$(TARGET_NAME)";
			};
			name = Release;
		};
		C0312A1F1CAA8AC900EC6051 /* Debug */ = {
			isa = XCBuildConfiguration;
			buildSettings = {
				BUNDLE_LOADER = "$(TEST_HOST)";
				INFOPLIST_FILE = DianPingTests/Info.plist;
				LD_RUNPATH_SEARCH_PATHS = "$(inherited) @executable_path/Frameworks @loader_path/Frameworks";
				PRODUCT_BUNDLE_IDENTIFIER = DP.DianPingTests;
				PRODUCT_NAME = "$(TARGET_NAME)";
				TEST_HOST = "$(BUILT_PRODUCTS_DIR)/DianPing.app/DianPing";
			};
			name = Debug;
		};
		C0312A201CAA8AC900EC6051 /* Release */ = {
			isa = XCBuildConfiguration;
			buildSettings = {
				BUNDLE_LOADER = "$(TEST_HOST)";
				INFOPLIST_FILE = DianPingTests/Info.plist;
				LD_RUNPATH_SEARCH_PATHS = "$(inherited) @executable_path/Frameworks @loader_path/Frameworks";
				PRODUCT_BUNDLE_IDENTIFIER = DP.DianPingTests;
				PRODUCT_NAME = "$(TARGET_NAME)";
				TEST_HOST = "$(BUILT_PRODUCTS_DIR)/DianPing.app/DianPing";
			};
			name = Release;
		};
		C0312A221CAA8AC900EC6051 /* Debug */ = {
			isa = XCBuildConfiguration;
			buildSettings = {
				INFOPLIST_FILE = DianPingUITests/Info.plist;
				LD_RUNPATH_SEARCH_PATHS = "$(inherited) @executable_path/Frameworks @loader_path/Frameworks";
				PRODUCT_BUNDLE_IDENTIFIER = DP.DianPingUITests;
				PRODUCT_NAME = "$(TARGET_NAME)";
				TEST_TARGET_NAME = DianPing;
				USES_XCTRUNNER = YES;
			};
			name = Debug;
		};
		C0312A231CAA8AC900EC6051 /* Release */ = {
			isa = XCBuildConfiguration;
			buildSettings = {
				INFOPLIST_FILE = DianPingUITests/Info.plist;
				LD_RUNPATH_SEARCH_PATHS = "$(inherited) @executable_path/Frameworks @loader_path/Frameworks";
				PRODUCT_BUNDLE_IDENTIFIER = DP.DianPingUITests;
				PRODUCT_NAME = "$(TARGET_NAME)";
				TEST_TARGET_NAME = DianPing;
				USES_XCTRUNNER = YES;
			};
			name = Release;
		};
/* End XCBuildConfiguration section */

/* Begin XCConfigurationList section */
		C03129E91CAA8AC900EC6051 /* Build configuration list for PBXProject "DianPing" */ = {
			isa = XCConfigurationList;
			buildConfigurations = (
				C0312A191CAA8AC900EC6051 /* Debug */,
				C0312A1A1CAA8AC900EC6051 /* Release */,
			);
			defaultConfigurationIsVisible = 0;
			defaultConfigurationName = Release;
		};
		C0312A1B1CAA8AC900EC6051 /* Build configuration list for PBXNativeTarget "DianPing" */ = {
			isa = XCConfigurationList;
			buildConfigurations = (
				C0312A1C1CAA8AC900EC6051 /* Debug */,
				C0312A1D1CAA8AC900EC6051 /* Release */,
			);
			defaultConfigurationIsVisible = 0;
			defaultConfigurationName = Release;
		};
		C0312A1E1CAA8AC900EC6051 /* Build configuration list for PBXNativeTarget "DianPingTests" */ = {
			isa = XCConfigurationList;
			buildConfigurations = (
				C0312A1F1CAA8AC900EC6051 /* Debug */,
				C0312A201CAA8AC900EC6051 /* Release */,
			);
			defaultConfigurationIsVisible = 0;
			defaultConfigurationName = Release;
		};
		C0312A211CAA8AC900EC6051 /* Build configuration list for PBXNativeTarget "DianPingUITests" */ = {
			isa = XCConfigurationList;
			buildConfigurations = (
				C0312A221CAA8AC900EC6051 /* Debug */,
				C0312A231CAA8AC900EC6051 /* Release */,
			);
			defaultConfigurationIsVisible = 0;
			defaultConfigurationName = Release;
		};
/* End XCConfigurationList section */
	};
	rootObject = C03129E61CAA8AC900EC6051 /* Project object */;
}
